
Microsoft Visual Studio Solution File, Format Version 12.00
# Visual Studio Version 16
VisualStudioVersion = 16.0.31624.102
MinimumVisualStudioVersion = 10.0.40219.1
Project("{FAE04EC0-301F-11D3-BF4B-00C04F79EFBC}") = "CRUD_DEMO_MVC", "CRUD_DEMO_MVC\CRUD_DEMO_MVC.csproj", "{65C4E667-D530-4A3F-92B7-E944664BFECD}"
EndProject
Global
	GlobalSection(SolutionConfigurationPlatforms) = preSolution
		Debug|Any CPU = Debug|Any CPU
		Release|Any CPU = Release|Any CPU
	EndGlobalSection
	GlobalSection(ProjectConfigurationPlatforms) = postSolution
		{65C4E667-D530-4A3F-92B7-E944664BFECD}.Debug|Any CPU.ActiveCfg = Debug|Any CPU
		{65C4E667-D530-4A3F-92B7-E944664BFECD}.Debug|Any CPU.Build.0 = Debug|Any CPU
		{65C4E667-D530-4A3F-92B7-E944664BFECD}.Release|Any CPU.ActiveCfg = Release|Any CPU
		{65C4E667-D530-4A3F-92B7-E944664BFECD}.Release|Any CPU.Build.0 = Release|Any CPU
	EndGlobalSection
	GlobalSection(SolutionProperties) = preSolution
		HideSolutionNode = FALSE
	EndGlobalSection
	GlobalSection(ExtensibilityGlobals) = postSolution
		SolutionGuid = {F540781F-424E-4E78-94EE-8A6FFABB291A}
	EndGlobalSection
EndGlobal
